
Microsoft Visual Studio Solution File, Format Version 12.00
# Visual Studio Version 17
VisualStudioVersion = 17.5.33530.505
MinimumVisualStudioVersion = 10.0.40219.1
Project("{FAE04EC0-301F-11D3-BF4B-00C04F79EFBC}") = "TrabalhoTopGames", "TrabalhoTopGames.csproj", "{94B6EB9F-2E9C-420C-899E-5B3B123C645F}"
EndProject
Global
	GlobalSection(SolutionConfigurationPlatforms) = preSolution
		Debug|Any CPU = Debug|Any CPU
		Release|Any CPU = Release|Any CPU
	EndGlobalSection
	GlobalSection(ProjectConfigurationPlatforms) = postSolution
		{94B6EB9F-2E9C-420C-899E-5B3B123C645F}.Debug|Any CPU.ActiveCfg = Debug|Any CPU
		{94B6EB9F-2E9C-420C-899E-5B3B123C645F}.Debug|Any CPU.Build.0 = Debug|Any CPU
		{94B6EB9F-2E9C-420C-899E-5B3B123C645F}.Release|Any CPU.ActiveCfg = Release|Any CPU
		{94B6EB9F-2E9C-420C-899E-5B3B123C645F}.Release|Any CPU.Build.0 = Release|Any CPU
	EndGlobalSection
	GlobalSection(SolutionProperties) = preSolution
		HideSolutionNode = FALSE
	EndGlobalSection
	GlobalSection(ExtensibilityGlobals) = postSolution
		SolutionGuid = {75425C3F-9933-4933-ADA3-F02FFA49851E}
	EndGlobalSection
EndGlobal
